
Microsoft Visual Studio Solution File, Format Version 12.00
# Visual Studio Version 17
VisualStudioVersion = 17.3.32929.385
MinimumVisualStudioVersion = 10.0.40219.1
Project("{FAE04EC0-301F-11D3-BF4B-00C04F79EFBC}") = "sharp_26-10-2022_class_abstract", "sharp_26-10-2022_class_abstract.csproj", "{115EBE0A-6069-4576-AC89-6F1FA0575D71}"
EndProject
Global
	GlobalSection(SolutionConfigurationPlatforms) = preSolution
		Debug|Any CPU = Debug|Any CPU
		Release|Any CPU = Release|Any CPU
	EndGlobalSection
	GlobalSection(ProjectConfigurationPlatforms) = postSolution
		{115EBE0A-6069-4576-AC89-6F1FA0575D71}.Debug|Any CPU.ActiveCfg = Debug|Any CPU
		{115EBE0A-6069-4576-AC89-6F1FA0575D71}.Debug|Any CPU.Build.0 = Debug|Any CPU
		{115EBE0A-6069-4576-AC89-6F1FA0575D71}.Release|Any CPU.ActiveCfg = Release|Any CPU
		{115EBE0A-6069-4576-AC89-6F1FA0575D71}.Release|Any CPU.Build.0 = Release|Any CPU
	EndGlobalSection
	GlobalSection(SolutionProperties) = preSolution
		HideSolutionNode = FALSE
	EndGlobalSection
	GlobalSection(ExtensibilityGlobals) = postSolution
		SolutionGuid = {95D327A9-BDD8-401B-B47F-6D5FA129FEDB}
	EndGlobalSection
EndGlobal
